
Microsoft Visual Studio Solution File, Format Version 12.00
# Visual Studio Version 16
VisualStudioVersion = 16.0.30114.105
MinimumVisualStudioVersion = 10.0.40219.1
Project("{FAE04EC0-301F-11D3-BF4B-00C04F79EFBC}") = "MyApp", "MyApp\MyApp.csproj", "{BFA031B5-B0F8-49E8-A2E0-F08CE027C789}"
EndProject
Project("{FAE04EC0-301F-11D3-BF4B-00C04F79EFBC}") = "MyApp.Tests", "MyApp.Tests\MyApp.Tests.csproj", "{51A473DD-2089-4314-BC69-A243B95323CC}"
EndProject
Global
	GlobalSection(SolutionConfigurationPlatforms) = preSolution
		Debug|Any CPU = Debug|Any CPU
		Release|Any CPU = Release|Any CPU
	EndGlobalSection
	GlobalSection(SolutionProperties) = preSolution
		HideSolutionNode = FALSE
	EndGlobalSection
	GlobalSection(ProjectConfigurationPlatforms) = postSolution
		{BFA031B5-B0F8-49E8-A2E0-F08CE027C789}.Debug|Any CPU.ActiveCfg = Debug|Any CPU
		{BFA031B5-B0F8-49E8-A2E0-F08CE027C789}.Debug|Any CPU.Build.0 = Debug|Any CPU
		{BFA031B5-B0F8-49E8-A2E0-F08CE027C789}.Release|Any CPU.ActiveCfg = Release|Any CPU
		{BFA031B5-B0F8-49E8-A2E0-F08CE027C789}.Release|Any CPU.Build.0 = Release|Any CPU
		{51A473DD-2089-4314-BC69-A243B95323CC}.Debug|Any CPU.ActiveCfg = Debug|Any CPU
		{51A473DD-2089-4314-BC69-A243B95323CC}.Debug|Any CPU.Build.0 = Debug|Any CPU
		{51A473DD-2089-4314-BC69-A243B95323CC}.Release|Any CPU.ActiveCfg = Release|Any CPU
		{51A473DD-2089-4314-BC69-A243B95323CC}.Release|Any CPU.Build.0 = Release|Any CPU
	EndGlobalSection
EndGlobal
